
Microsoft Visual Studio Solution File, Format Version 12.00
# Visual Studio Version 16
VisualStudioVersion = 16.0.30804.86
MinimumVisualStudioVersion = 10.0.40219.1
Project("{FAE04EC0-301F-11D3-BF4B-00C04F79EFBC}") = "Timetable.Android", "Timetable\Timetable.Android\Timetable.Android.csproj", "{7922F75C-A3DA-412B-B31B-F1B5137370D5}"
EndProject
Project("{FAE04EC0-301F-11D3-BF4B-00C04F79EFBC}") = "Timetable", "Timetable\Timetable\Timetable.csproj", "{C7AAF8C1-73FF-49B9-AF75-5AE5783E22DA}"
EndProject
Global
	GlobalSection(SolutionConfigurationPlatforms) = preSolution
		Debug|Any CPU = Debug|Any CPU
		Release|Any CPU = Release|Any CPU
	EndGlobalSection
	GlobalSection(ProjectConfigurationPlatforms) = postSolution
		{7922F75C-A3DA-412B-B31B-F1B5137370D5}.Debug|Any CPU.ActiveCfg = Debug|Any CPU
		{7922F75C-A3DA-412B-B31B-F1B5137370D5}.Debug|Any CPU.Build.0 = Debug|Any CPU
		{7922F75C-A3DA-412B-B31B-F1B5137370D5}.Debug|Any CPU.Deploy.0 = Debug|Any CPU
		{7922F75C-A3DA-412B-B31B-F1B5137370D5}.Release|Any CPU.ActiveCfg = Release|Any CPU
		{7922F75C-A3DA-412B-B31B-F1B5137370D5}.Release|Any CPU.Build.0 = Release|Any CPU
		{7922F75C-A3DA-412B-B31B-F1B5137370D5}.Release|Any CPU.Deploy.0 = Release|Any CPU
		{C7AAF8C1-73FF-49B9-AF75-5AE5783E22DA}.Debug|Any CPU.ActiveCfg = Debug|Any CPU
		{C7AAF8C1-73FF-49B9-AF75-5AE5783E22DA}.Debug|Any CPU.Build.0 = Debug|Any CPU
		{C7AAF8C1-73FF-49B9-AF75-5AE5783E22DA}.Debug|Any CPU.Deploy.0 = Debug|Any CPU
		{C7AAF8C1-73FF-49B9-AF75-5AE5783E22DA}.Release|Any CPU.ActiveCfg = Release|Any CPU
		{C7AAF8C1-73FF-49B9-AF75-5AE5783E22DA}.Release|Any CPU.Build.0 = Release|Any CPU
		{C7AAF8C1-73FF-49B9-AF75-5AE5783E22DA}.Release|Any CPU.Deploy.0 = Release|Any CPU
	EndGlobalSection
	GlobalSection(SolutionProperties) = preSolution
		HideSolutionNode = FALSE
	EndGlobalSection
	GlobalSection(ExtensibilityGlobals) = postSolution
		SolutionGuid = {B5DF04DA-EADB-4AB3-8E1F-3BE3B855751E}
	EndGlobalSection
EndGlobal
